<?xml version="1.0" encoding="utf-8"?>
<Project ToolsVersion="4.0" xmlns="http://schemas.microsoft.com/developer/msbuild/2003">
  <ItemGroup>
    <Filter Include="소스 파일">
      <UniqueIdentifier>{4FC737F1-C7A5-4376-A066-2A32D752A2FF}</UniqueIdentifier>
      <Extensions>cpp;c;cc;cxx;c++;cppm;ixx;def;odl;idl;hpj;bat;asm;asmx</Extensions>
    </Filter>
    <Filter Include="헤더 파일">
      <UniqueIdentifier>{93995380-89BD-4b04-88EB-625FBE52EBFB}</UniqueIdentifier>
      <Extensions>h;hh;hpp;hxx;h++;hm;inl;inc;ipp;xsd</Extensions>
    </Filter>
    <Filter Include="리소스 파일">
      <UniqueIdentifier>{67DA6AB6-F800-4c08-8B7A-83BB121AAD01}</UniqueIdentifier>
      <Extensions>rc;ico;cur;bmp;dlg;rc2;rct;bin;rgs;gif;jpg;jpeg;jpe;resx;tiff;tif;png;wav;mfcribbon-ms</Extensions>
    </Filter>
    <Filter Include="Packet">
      <UniqueIdentifier>{1faf8a11-a7a0-48ee-b65c-7bddcb8f7365}</UniqueIdentifier>
    </Filter>
    <Filter Include="Contents">
      <UniqueIdentifier>{eadcfc5d-8f7e-4f53-a498-6b2b0156137f}</UniqueIdentifier>
    </Filter>
  </ItemGroup>
  <ItemGroup>
    <ClCompile Include="main\main.cpp">
      <Filter>소스 파일</Filter>
    </ClCompile>
    <ClCompile Include="main\Environment.cpp">
      <Filter>소스 파일</Filter>
    </ClCompile>
    <ClCompile Include="main\IocpManager.cpp">
      <Filter>소스 파일</Filter>
    </ClCompile>
    <ClCompile Include="main\SocketManager.cpp">
      <Filter>소스 파일</Filter>
    </ClCompile>
    <ClCompile Include="main\ThreadManager.cpp">
      <Filter>소스 파일</Filter>
    </ClCompile>
    <ClCompile Include="main\LogicThread.cpp">
      <Filter>소스 파일</Filter>
    </ClCompile>
    <ClCompile Include="main\Accepter.cpp">
      <Filter>소스 파일</Filter>
    </ClCompile>
    <ClCompile Include="main\Thread.cpp">
      <Filter>소스 파일</Filter>
    </ClCompile>
    <ClCompile Include="main\SessionManager.cpp">
      <Filter>소스 파일</Filter>
    </ClCompile>
    <ClCompile Include="main\Session.cpp">
      <Filter>소스 파일</Filter>
    </ClCompile>
    <ClCompile Include="main\User.cpp">
      <Filter>소스 파일</Filter>
    </ClCompile>
    <ClCompile Include="Packet\Packet.cpp">
      <Filter>Packet</Filter>
    </ClCompile>
    <ClCompile Include="main\IoThread.cpp">
      <Filter>소스 파일</Filter>
    </ClCompile>
    <ClCompile Include="main\SessionCheckThread.cpp">
      <Filter>소스 파일</Filter>
    </ClCompile>
    <ClCompile Include="main\TaskManager.cpp">
      <Filter>소스 파일</Filter>
    </ClCompile>
    <ClCompile Include="main\Logic.cpp">
      <Filter>소스 파일</Filter>
    </ClCompile>
    <ClCompile Include="World\WaitingWorld.cpp">
      <Filter>소스 파일</Filter>
    </ClCompile>
    <ClCompile Include="Packet\PktTestHandler.cpp">
      <Filter>Packet</Filter>
    </ClCompile>
    <ClCompile Include="Contents\EventManager.cpp">
      <Filter>Contents</Filter>
    </ClCompile>
    <ClCompile Include="Packet\PktEventIncreaseHandler.cpp">
      <Filter>Packet</Filter>
    </ClCompile>
    <ClCompile Include="Packet\PktEventDecreaseHandler.cpp">
      <Filter>Packet</Filter>
    </ClCompile>
    <ClCompile Include="Packet\PktRequestDisconnectHandler.cpp">
      <Filter>Packet</Filter>
    </ClCompile>
  </ItemGroup>
  <ItemGroup>
    <ClInclude Include="main\Singleton.h">
      <Filter>헤더 파일</Filter>
    </ClInclude>
    <ClInclude Include="main\Environment.h">
      <Filter>헤더 파일</Filter>
    </ClInclude>
    <ClInclude Include="main\IocpManager.h">
      <Filter>헤더 파일</Filter>
    </ClInclude>
    <ClInclude Include="main\Enum.h">
      <Filter>헤더 파일</Filter>
    </ClInclude>
    <ClInclude Include="main\SocketManager.h">
      <Filter>헤더 파일</Filter>
    </ClInclude>
    <ClInclude Include="main\Defines.h">
      <Filter>헤더 파일</Filter>
    </ClInclude>
    <ClInclude Include="main\ThreadManager.h">
      <Filter>헤더 파일</Filter>
    </ClInclude>
    <ClInclude Include="main\LogicThread.h">
      <Filter>헤더 파일</Filter>
    </ClInclude>
    <ClInclude Include="main\Accepter.h">
      <Filter>헤더 파일</Filter>
    </ClInclude>
    <ClInclude Include="main\Thread.h">
      <Filter>헤더 파일</Filter>
    </ClInclude>
    <ClInclude Include="main\SessionManager.h">
      <Filter>헤더 파일</Filter>
    </ClInclude>
    <ClInclude Include="main\Session.h">
      <Filter>헤더 파일</Filter>
    </ClInclude>
    <ClInclude Include="main\User.h">
      <Filter>헤더 파일</Filter>
    </ClInclude>
    <ClInclude Include="main\LockFreeQueue.h">
      <Filter>헤더 파일</Filter>
    </ClInclude>
    <ClInclude Include="Packet\Protocol.h">
      <Filter>Packet</Filter>
    </ClInclude>
    <ClInclude Include="Packet\Packet.h">
      <Filter>Packet</Filter>
    </ClInclude>
    <ClInclude Include="main\IoThread.h">
      <Filter>헤더 파일</Filter>
    </ClInclude>
    <ClInclude Include="main\SessionCheckThread.h">
      <Filter>헤더 파일</Filter>
    </ClInclude>
    <ClInclude Include="main\TaskManager.h">
      <Filter>헤더 파일</Filter>
    </ClInclude>
    <ClInclude Include="main\Logic.h">
      <Filter>헤더 파일</Filter>
    </ClInclude>
    <ClInclude Include="World\WaitingWorld.h">
      <Filter>헤더 파일</Filter>
    </ClInclude>
    <ClInclude Include="Packet\PktTestHandler.h">
      <Filter>Packet</Filter>
    </ClInclude>
    <ClInclude Include="Contents\EventManager.h">
      <Filter>Contents</Filter>
    </ClInclude>
    <ClInclude Include="Packet\PktEventIncreaseHandler.h">
      <Filter>Packet</Filter>
    </ClInclude>
    <ClInclude Include="Packet\PktEventDecreaseHandler.h">
      <Filter>Packet</Filter>
    </ClInclude>
    <ClInclude Include="Packet\PktRequestDisconnectHandler.h">
      <Filter>Packet</Filter>
    </ClInclude>
  </ItemGroup>
  <ItemGroup>
    <None Include="ClassDiagram.cd" />
  </ItemGroup>
</Project>